
Microsoft Visual Studio Solution File, Format Version 12.00
# Visual Studio Version 17
VisualStudioVersion = 17.9.34607.119
MinimumVisualStudioVersion = 10.0.40219.1
Project("{FAE04EC0-301F-11D3-BF4B-00C04F79EFBC}") = "Expenses.WebApi", "Expenses.WebApi\Expenses.WebApi.csproj", "{BE707A1B-4BB3-4CEB-B3FB-8AD4CD17F1E1}"
EndProject
Project("{FAE04EC0-301F-11D3-BF4B-00C04F79EFBC}") = "Expenses.DB", "Expenses.DB\Expenses.DB.csproj", "{1C48FB35-D609-45E6-A2AF-344FD3EB9F6A}"
EndProject
Project("{FAE04EC0-301F-11D3-BF4B-00C04F79EFBC}") = "Expenses.Core", "Expenses.Core\Expenses.Core.csproj", "{9503B3DA-EE45-4B43-A15F-21A09708DF15}"
EndProject
Global
	GlobalSection(SolutionConfigurationPlatforms) = preSolution
		Debug|Any CPU = Debug|Any CPU
		Release|Any CPU = Release|Any CPU
	EndGlobalSection
	GlobalSection(ProjectConfigurationPlatforms) = postSolution
		{BE707A1B-4BB3-4CEB-B3FB-8AD4CD17F1E1}.Debug|Any CPU.ActiveCfg = Debug|Any CPU
		{BE707A1B-4BB3-4CEB-B3FB-8AD4CD17F1E1}.Debug|Any CPU.Build.0 = Debug|Any CPU
		{BE707A1B-4BB3-4CEB-B3FB-8AD4CD17F1E1}.Release|Any CPU.ActiveCfg = Release|Any CPU
		{BE707A1B-4BB3-4CEB-B3FB-8AD4CD17F1E1}.Release|Any CPU.Build.0 = Release|Any CPU
		{1C48FB35-D609-45E6-A2AF-344FD3EB9F6A}.Debug|Any CPU.ActiveCfg = Debug|Any CPU
		{1C48FB35-D609-45E6-A2AF-344FD3EB9F6A}.Debug|Any CPU.Build.0 = Debug|Any CPU
		{1C48FB35-D609-45E6-A2AF-344FD3EB9F6A}.Release|Any CPU.ActiveCfg = Release|Any CPU
		{1C48FB35-D609-45E6-A2AF-344FD3EB9F6A}.Release|Any CPU.Build.0 = Release|Any CPU
		{9503B3DA-EE45-4B43-A15F-21A09708DF15}.Debug|Any CPU.ActiveCfg = Debug|Any CPU
		{9503B3DA-EE45-4B43-A15F-21A09708DF15}.Debug|Any CPU.Build.0 = Debug|Any CPU
		{9503B3DA-EE45-4B43-A15F-21A09708DF15}.Release|Any CPU.ActiveCfg = Release|Any CPU
		{9503B3DA-EE45-4B43-A15F-21A09708DF15}.Release|Any CPU.Build.0 = Release|Any CPU
	EndGlobalSection
	GlobalSection(SolutionProperties) = preSolution
		HideSolutionNode = FALSE
	EndGlobalSection
	GlobalSection(ExtensibilityGlobals) = postSolution
		SolutionGuid = {C5645CE6-95F9-4EA7-AB91-99A0C82D3EEE}
	EndGlobalSection
EndGlobal
